
Microsoft Visual Studio Solution File, Format Version 12.00
# Visual Studio Version 17
VisualStudioVersion = 17.0.31903.59
MinimumVisualStudioVersion = 10.0.40219.1
Project("{FAE04EC0-301F-11D3-BF4B-00C04F79EFBC}") = "mkryuchkov.BaristaBot.TgBot", "src\mkryuchkov.BaristaBot.TgBot\mkryuchkov.BaristaBot.TgBot.csproj", "{6838B2E2-0FD7-4C7C-BED2-C16E05A24F57}"
EndProject
Project("{FAE04EC0-301F-11D3-BF4B-00C04F79EFBC}") = "mkryuchkov.TgBot", "src\mkryuchkov.TgBot\mkryuchkov.TgBot.csproj", "{77219361-6C2E-4AE3-ADE8-BB3D46BE57AF}"
EndProject
Project("{FAE04EC0-301F-11D3-BF4B-00C04F79EFBC}") = "mkryuchkov.BaristaBot.App", "src\mkryuchkov.BaristaBot.App\mkryuchkov.BaristaBot.App.csproj", "{65874862-096B-4982-99A3-48423543325C}"
EndProject
Project("{FAE04EC0-301F-11D3-BF4B-00C04F79EFBC}") = "mkryuchkov.Logging", "src\mkryuchkov.Logging\mkryuchkov.Logging.csproj", "{C0C0B9B7-252F-4BFA-8DE2-16BE201BF7F0}"
EndProject
Project("{2150E333-8FDC-42A3-9474-1A3956D46DE8}") = "SolutionItems", "SolutionItems", "{2AE7B6A5-12D4-42B2-B9B3-6D1C879EF176}"
	ProjectSection(SolutionItems) = preProject
		.gitignore = .gitignore
		README.md = README.md
	EndProjectSection
EndProject
Project("{2150E333-8FDC-42A3-9474-1A3956D46DE8}") = "Common", "Common", "{58FE7878-1563-4097-B1CC-86B5F5D3C21E}"
EndProject
Project("{FAE04EC0-301F-11D3-BF4B-00C04F79EFBC}") = "mkryuchkov.BaristaBot.Model", "src\mkryuchkov.BaristaBot.Model\mkryuchkov.BaristaBot.Model.csproj", "{577FF17D-5516-45D1-B421-1268FE62B64B}"
EndProject
Global
	GlobalSection(SolutionConfigurationPlatforms) = preSolution
		Debug|Any CPU = Debug|Any CPU
		Release|Any CPU = Release|Any CPU
	EndGlobalSection
	GlobalSection(SolutionProperties) = preSolution
		HideSolutionNode = FALSE
	EndGlobalSection
	GlobalSection(ProjectConfigurationPlatforms) = postSolution
		{6838B2E2-0FD7-4C7C-BED2-C16E05A24F57}.Debug|Any CPU.ActiveCfg = Debug|Any CPU
		{6838B2E2-0FD7-4C7C-BED2-C16E05A24F57}.Debug|Any CPU.Build.0 = Debug|Any CPU
		{6838B2E2-0FD7-4C7C-BED2-C16E05A24F57}.Release|Any CPU.ActiveCfg = Release|Any CPU
		{6838B2E2-0FD7-4C7C-BED2-C16E05A24F57}.Release|Any CPU.Build.0 = Release|Any CPU
		{77219361-6C2E-4AE3-ADE8-BB3D46BE57AF}.Debug|Any CPU.ActiveCfg = Debug|Any CPU
		{77219361-6C2E-4AE3-ADE8-BB3D46BE57AF}.Debug|Any CPU.Build.0 = Debug|Any CPU
		{77219361-6C2E-4AE3-ADE8-BB3D46BE57AF}.Release|Any CPU.ActiveCfg = Release|Any CPU
		{77219361-6C2E-4AE3-ADE8-BB3D46BE57AF}.Release|Any CPU.Build.0 = Release|Any CPU
		{65874862-096B-4982-99A3-48423543325C}.Debug|Any CPU.ActiveCfg = Debug|Any CPU
		{65874862-096B-4982-99A3-48423543325C}.Debug|Any CPU.Build.0 = Debug|Any CPU
		{65874862-096B-4982-99A3-48423543325C}.Release|Any CPU.ActiveCfg = Release|Any CPU
		{65874862-096B-4982-99A3-48423543325C}.Release|Any CPU.Build.0 = Release|Any CPU
		{C0C0B9B7-252F-4BFA-8DE2-16BE201BF7F0}.Debug|Any CPU.ActiveCfg = Debug|Any CPU
		{C0C0B9B7-252F-4BFA-8DE2-16BE201BF7F0}.Debug|Any CPU.Build.0 = Debug|Any CPU
		{C0C0B9B7-252F-4BFA-8DE2-16BE201BF7F0}.Release|Any CPU.ActiveCfg = Release|Any CPU
		{C0C0B9B7-252F-4BFA-8DE2-16BE201BF7F0}.Release|Any CPU.Build.0 = Release|Any CPU
		{577FF17D-5516-45D1-B421-1268FE62B64B}.Debug|Any CPU.ActiveCfg = Debug|Any CPU
		{577FF17D-5516-45D1-B421-1268FE62B64B}.Debug|Any CPU.Build.0 = Debug|Any CPU
		{577FF17D-5516-45D1-B421-1268FE62B64B}.Release|Any CPU.ActiveCfg = Release|Any CPU
		{577FF17D-5516-45D1-B421-1268FE62B64B}.Release|Any CPU.Build.0 = Release|Any CPU
	EndGlobalSection
	GlobalSection(NestedProjects) = preSolution
		{C0C0B9B7-252F-4BFA-8DE2-16BE201BF7F0} = {58FE7878-1563-4097-B1CC-86B5F5D3C21E}
		{77219361-6C2E-4AE3-ADE8-BB3D46BE57AF} = {58FE7878-1563-4097-B1CC-86B5F5D3C21E}
	EndGlobalSection
EndGlobal
